{
  "version": 4,
  "terraform_version": "1.0.2",
  "serial": 61,
  "lineage": "216df314-994d-18fa-aad5-03bbe05e102d",
  "outputs": {
    "public_ip": {
      "value": "18.185.112.105",
      "type": "string"
    }
  },
  "resources": [
    {
      "mode": "data",
      "type": "template_file",
      "name": "user_data",
      "provider": "provider[\"registry.terraform.io/hashicorp/template\"]",
      "instances": [
        {
          "schema_version": 0,
          "attributes": {
            "filename": null,
            "id": "55274ea0454fb3f4ad4a716b5598636039c6da66d86ee75d891aa28563da9151",
            "rendered": "#cloud-config\r\npuppet:\r\n  install: false\r\n  conf_file: \"/etc/puppetlabs/puppet/puppet.conf\"\r\n  exec: true\r\n  conf:\r\n    agent:\r\n      server: \"puppet-master.fouskas.de\"\r\n      certname: \"puppet-aws-agent.fouskas.de\"\r\n      environment: \"alexma\"\r\n      runinterval: \"1y\"\r\n\r\nusers:\r\n  - default\r\n  - name: catalogue-user\r\n\r\n\r\n\r\n",
            "template": "#cloud-config\r\npuppet:\r\n  install: false\r\n  conf_file: \"/etc/puppetlabs/puppet/puppet.conf\"\r\n  exec: true\r\n  conf:\r\n    agent:\r\n      server: \"puppet-master.fouskas.de\"\r\n      certname: \"puppet-aws-agent.fouskas.de\"\r\n      environment: \"alexma\"\r\n      runinterval: \"1y\"\r\n\r\nusers:\r\n  - default\r\n  - name: catalogue-user\r\n\r\n\r\n\r\n",
            "vars": null
          },
          "sensitive_attributes": []
        }
      ]
    },
    {
      "mode": "managed",
      "type": "aws_instance",
      "name": "puppet-agent",
      "provider": "provider[\"registry.terraform.io/hashicorp/aws\"]",
      "instances": [
        {
          "schema_version": 1,
          "attributes": {
            "ami": "ami-071a13877ce8467d4",
            "arn": "arn:aws:ec2:eu-central-1:189634912689:instance/i-0e55b834bcdd5621c",
            "associate_public_ip_address": true,
            "availability_zone": "eu-central-1b",
            "capacity_reservation_specification": [
              {
                "capacity_reservation_preference": "open",
                "capacity_reservation_target": []
              }
            ],
            "cpu_core_count": 1,
            "cpu_threads_per_core": 1,
            "credit_specification": [
              {
                "cpu_credits": "standard"
              }
            ],
            "disable_api_termination": false,
            "ebs_block_device": [],
            "ebs_optimized": false,
            "enclave_options": [
              {
                "enabled": false
              }
            ],
            "ephemeral_block_device": [],
            "get_password_data": false,
            "hibernation": false,
            "host_id": null,
            "iam_instance_profile": "",
            "id": "i-0e55b834bcdd5621c",
            "instance_initiated_shutdown_behavior": "stop",
            "instance_state": "running",
            "instance_type": "t2.micro",
            "ipv6_address_count": 0,
            "ipv6_addresses": [],
            "key_name": "puppet-master-keys",
            "metadata_options": [
              {
                "http_endpoint": "enabled",
                "http_put_response_hop_limit": 1,
                "http_tokens": "optional"
              }
            ],
            "monitoring": false,
            "network_interface": [],
            "outpost_arn": "",
            "password_data": "",
            "placement_group": "",
            "primary_network_interface_id": "eni-048353e412185bd3a",
            "private_dns": "ip-172-31-34-187.eu-central-1.compute.internal",
            "private_ip": "172.31.34.187",
            "public_dns": "ec2-18-185-112-105.eu-central-1.compute.amazonaws.com",
            "public_ip": "18.185.112.105",
            "root_block_device": [
              {
                "delete_on_termination": true,
                "device_name": "/dev/sda1",
                "encrypted": false,
                "iops": 100,
                "kms_key_id": "",
                "tags": null,
                "throughput": 0,
                "volume_id": "vol-0abaeb01e738e8755",
                "volume_size": 16,
                "volume_type": "gp2"
              }
            ],
            "secondary_private_ips": [],
            "security_groups": [
              "launch-wizard-1"
            ],
            "source_dest_check": true,
            "subnet_id": "subnet-a6cc7bda",
            "tags": null,
            "tags_all": {},
            "tenancy": "default",
            "timeouts": null,
            "user_data": "15a935cfd005ec344b84e5cee338d99286640886",
            "user_data_base64": null,
            "volume_tags": null,
            "vpc_security_group_ids": [
              "sg-0be5360e140d4cf62"
            ]
          },
          "sensitive_attributes": [],
          "private": "eyJlMmJmYjczMC1lY2FhLTExZTYtOGY4OC0zNDM2M2JjN2M0YzAiOnsiY3JlYXRlIjo2MDAwMDAwMDAwMDAsImRlbGV0ZSI6MTIwMDAwMDAwMDAwMCwidXBkYXRlIjo2MDAwMDAwMDAwMDB9LCJzY2hlbWFfdmVyc2lvbiI6IjEifQ==",
          "dependencies": [
            "data.template_file.user_data"
          ]
        }
      ]
    }
  ]
}
